// !$*UTF8*$!
{
	archiveVersion = 1;
	classes = {
	};
	objectVersion = 56;
	objects = {

/* Begin PBXBuildFile section */
		52D6CA912A12BF5B00C8A0AC /* BitirmeProjesiApp.swift in Sources */ = {isa = PBXBuildFile; fileRef = 52D6CA902A12BF5B00C8A0AC /* BitirmeProjesiApp.swift */; };
		52D6CA932A12BF5B00C8A0AC /* ContentView.swift in Sources */ = {isa = PBXBuildFile; fileRef = 52D6CA922A12BF5B00C8A0AC /* ContentView.swift */; };
		52D6CA952A12BF5D00C8A0AC /* Assets.xcassets in Resources */ = {isa = PBXBuildFile; fileRef = 52D6CA942A12BF5D00C8A0AC /* Assets.xcassets */; };
		52D6CA982A12BF5D00C8A0AC /* Preview Assets.xcassets in Resources */ = {isa = PBXBuildFile; fileRef = 52D6CA972A12BF5D00C8A0AC /* Preview Assets.xcassets */; };
		52D6CA9F2A12BF9600C8A0AC /* OnBoardingPage.swift in Sources */ = {isa = PBXBuildFile; fileRef = 52D6CA9E2A12BF9600C8A0AC /* OnBoardingPage.swift */; };
		52D6CAA12A12C00500C8A0AC /* LoginPageView.swift in Sources */ = {isa = PBXBuildFile; fileRef = 52D6CAA02A12C00400C8A0AC /* LoginPageView.swift */; };
		52D6CAA32A12C06800C8A0AC /* LoginRegisterPageModel.swift in Sources */ = {isa = PBXBuildFile; fileRef = 52D6CAA22A12C06800C8A0AC /* LoginRegisterPageModel.swift */; };
		52D6CAA52A12C08700C8A0AC /* LoginUserModel.swift in Sources */ = {isa = PBXBuildFile; fileRef = 52D6CAA42A12C08700C8A0AC /* LoginUserModel.swift */; };
		52D6CAA92A12C0C800C8A0AC /* UserService.swift in Sources */ = {isa = PBXBuildFile; fileRef = 52D6CAA82A12C0C800C8A0AC /* UserService.swift */; };
		52D6CAAB2A12C0E500C8A0AC /* CreateNewUserModel.swift in Sources */ = {isa = PBXBuildFile; fileRef = 52D6CAAA2A12C0E500C8A0AC /* CreateNewUserModel.swift */; };
		52D6CAAD2A12C10000C8A0AC /* CreateNewUserResponse.swift in Sources */ = {isa = PBXBuildFile; fileRef = 52D6CAAC2A12C10000C8A0AC /* CreateNewUserResponse.swift */; };
		52D6CAB32A12C19100C8A0AC /* Nunito-Bold.ttf in Resources */ = {isa = PBXBuildFile; fileRef = 52D6CAB22A12C19100C8A0AC /* Nunito-Bold.ttf */; };
		52D6CAB52A12C19A00C8A0AC /* Nunito-Regular.ttf in Resources */ = {isa = PBXBuildFile; fileRef = 52D6CAB42A12C19A00C8A0AC /* Nunito-Regular.ttf */; };
		52D6CAB72A12C1A200C8A0AC /* Nunito-SemiBold.ttf in Resources */ = {isa = PBXBuildFile; fileRef = 52D6CAB62A12C1A200C8A0AC /* Nunito-SemiBold.ttf */; };
		52D6CAB92A12C1C500C8A0AC /* CustomCorners.swift in Sources */ = {isa = PBXBuildFile; fileRef = 52D6CAB82A12C1C500C8A0AC /* CustomCorners.swift */; };
		52D6CAC22A14178E00C8A0AC /* MainPageView.swift in Sources */ = {isa = PBXBuildFile; fileRef = 52D6CAC12A14178E00C8A0AC /* MainPageView.swift */; };
		52D6CAC52A14251600C8A0AC /* Home.swift in Sources */ = {isa = PBXBuildFile; fileRef = 52D6CAC42A14251600C8A0AC /* Home.swift */; };
		52D6CAC82A15518C00C8A0AC /* Product.swift in Sources */ = {isa = PBXBuildFile; fileRef = 52D6CAC72A15518C00C8A0AC /* Product.swift */; };
		52D6CACB2A15548D00C8A0AC /* CategoriesModel.swift in Sources */ = {isa = PBXBuildFile; fileRef = 52D6CACA2A15548D00C8A0AC /* CategoriesModel.swift */; };
		52D6CAD12A155DB200C8A0AC /* CategoriesViewModel.swift in Sources */ = {isa = PBXBuildFile; fileRef = 52D6CAD02A155DB200C8A0AC /* CategoriesViewModel.swift */; };
		52D6CAD32A155DDD00C8A0AC /* Service.swift in Sources */ = {isa = PBXBuildFile; fileRef = 52D6CAD22A155DDD00C8A0AC /* Service.swift */; };
		52D6CAD62A16D47F00C8A0AC /* ProductsModel.swift in Sources */ = {isa = PBXBuildFile; fileRef = 52D6CAD52A16D47F00C8A0AC /* ProductsModel.swift */; };
		52D6CAD82A16D99600C8A0AC /* ProductsView.swift in Sources */ = {isa = PBXBuildFile; fileRef = 52D6CAD72A16D99600C8A0AC /* ProductsView.swift */; };
		52D6CADA2A16DAAC00C8A0AC /* Theme.swift in Sources */ = {isa = PBXBuildFile; fileRef = 52D6CAD92A16DAAC00C8A0AC /* Theme.swift */; };
		52D6CADC2A17939400C8A0AC /* ProductItemView.swift in Sources */ = {isa = PBXBuildFile; fileRef = 52D6CADB2A17939400C8A0AC /* ProductItemView.swift */; };
		52D6CADE2A1794CB00C8A0AC /* PillView.swift in Sources */ = {isa = PBXBuildFile; fileRef = 52D6CADD2A1794CB00C8A0AC /* PillView.swift */; };
		52D6CAE02A17A6A800C8A0AC /* ProductDetailView.swift in Sources */ = {isa = PBXBuildFile; fileRef = 52D6CADF2A17A6A800C8A0AC /* ProductDetailView.swift */; };
		52D6CAE22A17AB6300C8A0AC /* StaticJSONMapper.swift in Sources */ = {isa = PBXBuildFile; fileRef = 52D6CAE12A17AB6300C8A0AC /* StaticJSONMapper.swift */; };
		52D6CAE42A17AB9100C8A0AC /* ProductDetailsViewModel.swift in Sources */ = {isa = PBXBuildFile; fileRef = 52D6CAE32A17AB9100C8A0AC /* ProductDetailsViewModel.swift */; };
		52D6CAE62A17ABC100C8A0AC /* NetworkingManager.swift in Sources */ = {isa = PBXBuildFile; fileRef = 52D6CAE52A17ABC100C8A0AC /* NetworkingManager.swift */; };
		52D6CAE82A17AC4E00C8A0AC /* ProductsResponse.swift in Sources */ = {isa = PBXBuildFile; fileRef = 52D6CAE72A17AC4E00C8A0AC /* ProductsResponse.swift */; };
		52D6CAEA2A17AD9500C8A0AC /* ProductsViewModel.swift in Sources */ = {isa = PBXBuildFile; fileRef = 52D6CAE92A17AD9500C8A0AC /* ProductsViewModel.swift */; };
		52D6CAED2A17BF3E00C8A0AC /* CreateProductView.swift in Sources */ = {isa = PBXBuildFile; fileRef = 52D6CAEC2A17BF3E00C8A0AC /* CreateProductView.swift */; };
/* End PBXBuildFile section */

/* Begin PBXFileReference section */
		52D6CA8D2A12BF5B00C8A0AC /* BitirmeProjesi.app */ = {isa = PBXFileReference; explicitFileType = wrapper.application; includeInIndex = 0; path = BitirmeProjesi.app; sourceTree = BUILT_PRODUCTS_DIR; };
		52D6CA902A12BF5B00C8A0AC /* BitirmeProjesiApp.swift */ = {isa = PBXFileReference; lastKnownFileType = sourcecode.swift; path = BitirmeProjesiApp.swift; sourceTree = "<group>"; };
		52D6CA922A12BF5B00C8A0AC /* ContentView.swift */ = {isa = PBXFileReference; lastKnownFileType = sourcecode.swift; path = ContentView.swift; sourceTree = "<group>"; };
		52D6CA942A12BF5D00C8A0AC /* Assets.xcassets */ = {isa = PBXFileReference; lastKnownFileType = folder.assetcatalog; path = Assets.xcassets; sourceTree = "<group>"; };
		52D6CA972A12BF5D00C8A0AC /* Preview Assets.xcassets */ = {isa = PBXFileReference; lastKnownFileType = folder.assetcatalog; path = "Preview Assets.xcassets"; sourceTree = "<group>"; };
		52D6CA9E2A12BF9600C8A0AC /* OnBoardingPage.swift */ = {isa = PBXFileReference; lastKnownFileType = sourcecode.swift; path = OnBoardingPage.swift; sourceTree = "<group>"; };
		52D6CAA02A12C00400C8A0AC /* LoginPageView.swift */ = {isa = PBXFileReference; lastKnownFileType = sourcecode.swift; path = LoginPageView.swift; sourceTree = "<group>"; };
		52D6CAA22A12C06800C8A0AC /* LoginRegisterPageModel.swift */ = {isa = PBXFileReference; lastKnownFileType = sourcecode.swift; path = LoginRegisterPageModel.swift; sourceTree = "<group>"; };
		52D6CAA42A12C08700C8A0AC /* LoginUserModel.swift */ = {isa = PBXFileReference; lastKnownFileType = sourcecode.swift; path = LoginUserModel.swift; sourceTree = "<group>"; };
		52D6CAA82A12C0C800C8A0AC /* UserService.swift */ = {isa = PBXFileReference; lastKnownFileType = sourcecode.swift; path = UserService.swift; sourceTree = "<group>"; };
		52D6CAAA2A12C0E500C8A0AC /* CreateNewUserModel.swift */ = {isa = PBXFileReference; lastKnownFileType = sourcecode.swift; path = CreateNewUserModel.swift; sourceTree = "<group>"; };
		52D6CAAC2A12C10000C8A0AC /* CreateNewUserResponse.swift */ = {isa = PBXFileReference; lastKnownFileType = sourcecode.swift; path = CreateNewUserResponse.swift; sourceTree = "<group>"; };
		52D6CAB22A12C19100C8A0AC /* Nunito-Bold.ttf */ = {isa = PBXFileReference; lastKnownFileType = file; path = "Nunito-Bold.ttf"; sourceTree = "<group>"; };
		52D6CAB42A12C19A00C8A0AC /* Nunito-Regular.ttf */ = {isa = PBXFileReference; lastKnownFileType = file; path = "Nunito-Regular.ttf"; sourceTree = "<group>"; };
		52D6CAB62A12C1A200C8A0AC /* Nunito-SemiBold.ttf */ = {isa = PBXFileReference; lastKnownFileType = file; path = "Nunito-SemiBold.ttf"; sourceTree = "<group>"; };
		52D6CAB82A12C1C500C8A0AC /* CustomCorners.swift */ = {isa = PBXFileReference; lastKnownFileType = sourcecode.swift; path = CustomCorners.swift; sourceTree = "<group>"; };
		52D6CABF2A12C51300C8A0AC /* Info.plist */ = {isa = PBXFileReference; lastKnownFileType = text.plist; path = Info.plist; sourceTree = "<group>"; };
		52D6CAC12A14178E00C8A0AC /* MainPageView.swift */ = {isa = PBXFileReference; lastKnownFileType = sourcecode.swift; path = MainPageView.swift; sourceTree = "<group>"; };
		52D6CAC42A14251600C8A0AC /* Home.swift */ = {isa = PBXFileReference; lastKnownFileType = sourcecode.swift; path = Home.swift; sourceTree = "<group>"; };
		52D6CAC72A15518C00C8A0AC /* Product.swift */ = {isa = PBXFileReference; lastKnownFileType = sourcecode.swift; path = Product.swift; sourceTree = "<group>"; };
		52D6CACA2A15548D00C8A0AC /* CategoriesModel.swift */ = {isa = PBXFileReference; lastKnownFileType = sourcecode.swift; path = CategoriesModel.swift; sourceTree = "<group>"; };
		52D6CAD02A155DB200C8A0AC /* CategoriesViewModel.swift */ = {isa = PBXFileReference; lastKnownFileType = sourcecode.swift; path = CategoriesViewModel.swift; sourceTree = "<group>"; };
		52D6CAD22A155DDD00C8A0AC /* Service.swift */ = {isa = PBXFileReference; lastKnownFileType = sourcecode.swift; path = Service.swift; sourceTree = "<group>"; };
		52D6CAD52A16D47F00C8A0AC /* ProductsModel.swift */ = {isa = PBXFileReference; lastKnownFileType = sourcecode.swift; path = ProductsModel.swift; sourceTree = "<group>"; };
		52D6CAD72A16D99600C8A0AC /* ProductsView.swift */ = {isa = PBXFileReference; lastKnownFileType = sourcecode.swift; path = ProductsView.swift; sourceTree = "<group>"; };
		52D6CAD92A16DAAC00C8A0AC /* Theme.swift */ = {isa = PBXFileReference; lastKnownFileType = sourcecode.swift; path = Theme.swift; sourceTree = "<group>"; };
		52D6CADB2A17939400C8A0AC /* ProductItemView.swift */ = {isa = PBXFileReference; lastKnownFileType = sourcecode.swift; path = ProductItemView.swift; sourceTree = "<group>"; };
		52D6CADD2A1794CB00C8A0AC /* PillView.swift */ = {isa = PBXFileReference; lastKnownFileType = sourcecode.swift; path = PillView.swift; sourceTree = "<group>"; };
		52D6CADF2A17A6A800C8A0AC /* ProductDetailView.swift */ = {isa = PBXFileReference; lastKnownFileType = sourcecode.swift; path = ProductDetailView.swift; sourceTree = "<group>"; };
		52D6CAE12A17AB6300C8A0AC /* StaticJSONMapper.swift */ = {isa = PBXFileReference; lastKnownFileType = sourcecode.swift; path = StaticJSONMapper.swift; sourceTree = "<group>"; };
		52D6CAE32A17AB9100C8A0AC /* ProductDetailsViewModel.swift */ = {isa = PBXFileReference; lastKnownFileType = sourcecode.swift; path = ProductDetailsViewModel.swift; sourceTree = "<group>"; };
		52D6CAE52A17ABC100C8A0AC /* NetworkingManager.swift */ = {isa = PBXFileReference; lastKnownFileType = sourcecode.swift; path = NetworkingManager.swift; sourceTree = "<group>"; };
		52D6CAE72A17AC4E00C8A0AC /* ProductsResponse.swift */ = {isa = PBXFileReference; lastKnownFileType = sourcecode.swift; path = ProductsResponse.swift; sourceTree = "<group>"; };
		52D6CAE92A17AD9500C8A0AC /* ProductsViewModel.swift */ = {isa = PBXFileReference; lastKnownFileType = sourcecode.swift; path = ProductsViewModel.swift; sourceTree = "<group>"; };
		52D6CAEC2A17BF3E00C8A0AC /* CreateProductView.swift */ = {isa = PBXFileReference; lastKnownFileType = sourcecode.swift; path = CreateProductView.swift; sourceTree = "<group>"; };
/* End PBXFileReference section */

/* Begin PBXFrameworksBuildPhase section */
		52D6CA8A2A12BF5B00C8A0AC /* Frameworks */ = {
			isa = PBXFrameworksBuildPhase;
			buildActionMask = 2147483647;
			files = (
			);
			runOnlyForDeploymentPostprocessing = 0;
		};
/* End PBXFrameworksBuildPhase section */

/* Begin PBXGroup section */
		52D6CA842A12BF5B00C8A0AC = {
			isa = PBXGroup;
			children = (
				52D6CA8F2A12BF5B00C8A0AC /* BitirmeProjesi */,
				52D6CA8E2A12BF5B00C8A0AC /* Products */,
			);
			sourceTree = "<group>";
		};
		52D6CA8E2A12BF5B00C8A0AC /* Products */ = {
			isa = PBXGroup;
			children = (
				52D6CA8D2A12BF5B00C8A0AC /* BitirmeProjesi.app */,
			);
			name = Products;
			sourceTree = "<group>";
		};
		52D6CA8F2A12BF5B00C8A0AC /* BitirmeProjesi */ = {
			isa = PBXGroup;
			children = (
				52D6CAD42A16D16300C8A0AC /* Products */,
				52D6CAC92A15547D00C8A0AC /* Categories */,
				52D6CAC62A15517300C8A0AC /* Models */,
				52D6CAC02A14177F00C8A0AC /* Views */,
				52D6CABF2A12C51300C8A0AC /* Info.plist */,
				52D6CABE2A12C3AC00C8A0AC /* Network */,
				52D6CABC2A12C34E00C8A0AC /* LoginPage */,
				52D6CABA2A12C32500C8A0AC /* Others */,
				52D6CAB02A12C17900C8A0AC /* Shared */,
				52D6CA962A12BF5D00C8A0AC /* Preview Content */,
				52D6CABB2A12C34300C8A0AC /* OnBoardingPage */,
			);
			path = BitirmeProjesi;
			sourceTree = "<group>";
		};
		52D6CA962A12BF5D00C8A0AC /* Preview Content */ = {
			isa = PBXGroup;
			children = (
				52D6CA972A12BF5D00C8A0AC /* Preview Assets.xcassets */,
			);
			path = "Preview Content";
			sourceTree = "<group>";
		};
		52D6CAB02A12C17900C8A0AC /* Shared */ = {
			isa = PBXGroup;
			children = (
				52D6CAB12A12C18400C8A0AC /* Fonts */,
				52D6CA942A12BF5D00C8A0AC /* Assets.xcassets */,
				52D6CAB82A12C1C500C8A0AC /* CustomCorners.swift */,
				52D6CAD92A16DAAC00C8A0AC /* Theme.swift */,
				52D6CADD2A1794CB00C8A0AC /* PillView.swift */,
			);
			path = Shared;
			sourceTree = "<group>";
		};
		52D6CAB12A12C18400C8A0AC /* Fonts */ = {
			isa = PBXGroup;
			children = (
				52D6CAB22A12C19100C8A0AC /* Nunito-Bold.ttf */,
				52D6CAB42A12C19A00C8A0AC /* Nunito-Regular.ttf */,
				52D6CAB62A12C1A200C8A0AC /* Nunito-SemiBold.ttf */,
			);
			path = Fonts;
			sourceTree = "<group>";
		};
		52D6CABA2A12C32500C8A0AC /* Others */ = {
			isa = PBXGroup;
			children = (
				52D6CA922A12BF5B00C8A0AC /* ContentView.swift */,
				52D6CA902A12BF5B00C8A0AC /* BitirmeProjesiApp.swift */,
			);
			path = Others;
			sourceTree = "<group>";
		};
		52D6CABB2A12C34300C8A0AC /* OnBoardingPage */ = {
			isa = PBXGroup;
			children = (
				52D6CA9E2A12BF9600C8A0AC /* OnBoardingPage.swift */,
			);
			path = OnBoardingPage;
			sourceTree = "<group>";
		};
		52D6CABC2A12C34E00C8A0AC /* LoginPage */ = {
			isa = PBXGroup;
			children = (
				52D6CABD2A12C39800C8A0AC /* CreateNewUser */,
				52D6CAA02A12C00400C8A0AC /* LoginPageView.swift */,
				52D6CAA22A12C06800C8A0AC /* LoginRegisterPageModel.swift */,
				52D6CAA42A12C08700C8A0AC /* LoginUserModel.swift */,
			);
			path = LoginPage;
			sourceTree = "<group>";
		};
		52D6CABD2A12C39800C8A0AC /* CreateNewUser */ = {
			isa = PBXGroup;
			children = (
				52D6CAAA2A12C0E500C8A0AC /* CreateNewUserModel.swift */,
				52D6CAAC2A12C10000C8A0AC /* CreateNewUserResponse.swift */,
			);
			path = CreateNewUser;
			sourceTree = "<group>";
		};
		52D6CABE2A12C3AC00C8A0AC /* Network */ = {
			isa = PBXGroup;
			children = (
				52D6CAA82A12C0C800C8A0AC /* UserService.swift */,
				52D6CAE12A17AB6300C8A0AC /* StaticJSONMapper.swift */,
			);
			path = Network;
			sourceTree = "<group>";
		};
		52D6CAC02A14177F00C8A0AC /* Views */ = {
			isa = PBXGroup;
			children = (
				52D6CAC32A14250000C8A0AC /* TabViews */,
				52D6CAC12A14178E00C8A0AC /* MainPageView.swift */,
			);
			path = Views;
			sourceTree = "<group>";
		};
		52D6CAC32A14250000C8A0AC /* TabViews */ = {
			isa = PBXGroup;
			children = (
				52D6CAEB2A17BEAD00C8A0AC /* Products */,
				52D6CAC42A14251600C8A0AC /* Home.swift */,
			);
			path = TabViews;
			sourceTree = "<group>";
		};
		52D6CAC62A15517300C8A0AC /* Models */ = {
			isa = PBXGroup;
			children = (
				52D6CAC72A15518C00C8A0AC /* Product.swift */,
			);
			path = Models;
			sourceTree = "<group>";
		};
		52D6CAC92A15547D00C8A0AC /* Categories */ = {
			isa = PBXGroup;
			children = (
				52D6CACA2A15548D00C8A0AC /* CategoriesModel.swift */,
				52D6CAD02A155DB200C8A0AC /* CategoriesViewModel.swift */,
				52D6CAD22A155DDD00C8A0AC /* Service.swift */,
			);
			path = Categories;
			sourceTree = "<group>";
		};
		52D6CAD42A16D16300C8A0AC /* Products */ = {
			isa = PBXGroup;
			children = (
				52D6CAD52A16D47F00C8A0AC /* ProductsModel.swift */,
				52D6CAE72A17AC4E00C8A0AC /* ProductsResponse.swift */,
				52D6CAE32A17AB9100C8A0AC /* ProductDetailsViewModel.swift */,
				52D6CAE92A17AD9500C8A0AC /* ProductsViewModel.swift */,
				52D6CAE52A17ABC100C8A0AC /* NetworkingManager.swift */,
			);
			path = Products;
			sourceTree = "<group>";
		};
		52D6CAEB2A17BEAD00C8A0AC /* Products */ = {
			isa = PBXGroup;
			children = (
				52D6CAD72A16D99600C8A0AC /* ProductsView.swift */,
				52D6CADB2A17939400C8A0AC /* ProductItemView.swift */,
				52D6CADF2A17A6A800C8A0AC /* ProductDetailView.swift */,
				52D6CAEC2A17BF3E00C8A0AC /* CreateProductView.swift */,
			);
			path = Products;
			sourceTree = "<group>";
		};
/* End PBXGroup section */

/* Begin PBXNativeTarget section */
		52D6CA8C2A12BF5B00C8A0AC /* BitirmeProjesi */ = {
			isa = PBXNativeTarget;
			buildConfigurationList = 52D6CA9B2A12BF5D00C8A0AC /* Build configuration list for PBXNativeTarget "BitirmeProjesi" */;
			buildPhases = (
				52D6CA892A12BF5B00C8A0AC /* Sources */,
				52D6CA8A2A12BF5B00C8A0AC /* Frameworks */,
				52D6CA8B2A12BF5B00C8A0AC /* Resources */,
			);
			buildRules = (
			);
			dependencies = (
			);
			name = BitirmeProjesi;
			productName = BitirmeProjesi;
			productReference = 52D6CA8D2A12BF5B00C8A0AC /* BitirmeProjesi.app */;
			productType = "com.apple.product-type.application";
		};
/* End PBXNativeTarget section */

/* Begin PBXProject section */
		52D6CA852A12BF5B00C8A0AC /* Project object */ = {
			isa = PBXProject;
			attributes = {
				BuildIndependentTargetsInParallel = 1;
				LastSwiftUpdateCheck = 1400;
				LastUpgradeCheck = 1400;
				TargetAttributes = {
					52D6CA8C2A12BF5B00C8A0AC = {
						CreatedOnToolsVersion = 14.0;
					};
				};
			};
			buildConfigurationList = 52D6CA882A12BF5B00C8A0AC /* Build configuration list for PBXProject "BitirmeProjesi" */;
			compatibilityVersion = "Xcode 14.0";
			developmentRegion = en;
			hasScannedForEncodings = 0;
			knownRegions = (
				en,
				Base,
			);
			mainGroup = 52D6CA842A12BF5B00C8A0AC;
			productRefGroup = 52D6CA8E2A12BF5B00C8A0AC /* Products */;
			projectDirPath = "";
			projectRoot = "";
			targets = (
				52D6CA8C2A12BF5B00C8A0AC /* BitirmeProjesi */,
			);
		};
/* End PBXProject section */

/* Begin PBXResourcesBuildPhase section */
		52D6CA8B2A12BF5B00C8A0AC /* Resources */ = {
			isa = PBXResourcesBuildPhase;
			buildActionMask = 2147483647;
			files = (
				52D6CA982A12BF5D00C8A0AC /* Preview Assets.xcassets in Resources */,
				52D6CAB32A12C19100C8A0AC /* Nunito-Bold.ttf in Resources */,
				52D6CAB52A12C19A00C8A0AC /* Nunito-Regular.ttf in Resources */,
				52D6CA952A12BF5D00C8A0AC /* Assets.xcassets in Resources */,
				52D6CAB72A12C1A200C8A0AC /* Nunito-SemiBold.ttf in Resources */,
			);
			runOnlyForDeploymentPostprocessing = 0;
		};
/* End PBXResourcesBuildPhase section */

/* Begin PBXSourcesBuildPhase section */
		52D6CA892A12BF5B00C8A0AC /* Sources */ = {
			isa = PBXSourcesBuildPhase;
			buildActionMask = 2147483647;
			files = (
				52D6CAE22A17AB6300C8A0AC /* StaticJSONMapper.swift in Sources */,
				52D6CAB92A12C1C500C8A0AC /* CustomCorners.swift in Sources */,
				52D6CAAB2A12C0E500C8A0AC /* CreateNewUserModel.swift in Sources */,
				52D6CAC22A14178E00C8A0AC /* MainPageView.swift in Sources */,
				52D6CAA52A12C08700C8A0AC /* LoginUserModel.swift in Sources */,
				52D6CADE2A1794CB00C8A0AC /* PillView.swift in Sources */,
				52D6CAA12A12C00500C8A0AC /* LoginPageView.swift in Sources */,
				52D6CAC82A15518C00C8A0AC /* Product.swift in Sources */,
				52D6CAD12A155DB200C8A0AC /* CategoriesViewModel.swift in Sources */,
				52D6CAEA2A17AD9500C8A0AC /* ProductsViewModel.swift in Sources */,
				52D6CAA32A12C06800C8A0AC /* LoginRegisterPageModel.swift in Sources */,
				52D6CAD82A16D99600C8A0AC /* ProductsView.swift in Sources */,
				52D6CAE42A17AB9100C8A0AC /* ProductDetailsViewModel.swift in Sources */,
				52D6CAD62A16D47F00C8A0AC /* ProductsModel.swift in Sources */,
				52D6CAAD2A12C10000C8A0AC /* CreateNewUserResponse.swift in Sources */,
				52D6CA932A12BF5B00C8A0AC /* ContentView.swift in Sources */,
				52D6CAE02A17A6A800C8A0AC /* ProductDetailView.swift in Sources */,
				52D6CAD32A155DDD00C8A0AC /* Service.swift in Sources */,
				52D6CADA2A16DAAC00C8A0AC /* Theme.swift in Sources */,
				52D6CAE62A17ABC100C8A0AC /* NetworkingManager.swift in Sources */,
				52D6CAA92A12C0C800C8A0AC /* UserService.swift in Sources */,
				52D6CADC2A17939400C8A0AC /* ProductItemView.swift in Sources */,
				52D6CAED2A17BF3E00C8A0AC /* CreateProductView.swift in Sources */,
				52D6CA9F2A12BF9600C8A0AC /* OnBoardingPage.swift in Sources */,
				52D6CAE82A17AC4E00C8A0AC /* ProductsResponse.swift in Sources */,
				52D6CACB2A15548D00C8A0AC /* CategoriesModel.swift in Sources */,
				52D6CAC52A14251600C8A0AC /* Home.swift in Sources */,
				52D6CA912A12BF5B00C8A0AC /* BitirmeProjesiApp.swift in Sources */,
			);
			runOnlyForDeploymentPostprocessing = 0;
		};
/* End PBXSourcesBuildPhase section */

/* Begin XCBuildConfiguration section */
		52D6CA992A12BF5D00C8A0AC /* Debug */ = {
			isa = XCBuildConfiguration;
			buildSettings = {
				ALWAYS_SEARCH_USER_PATHS = NO;
				CLANG_ANALYZER_NONNULL = YES;
				CLANG_ANALYZER_NUMBER_OBJECT_CONVERSION = YES_AGGRESSIVE;
				CLANG_CXX_LANGUAGE_STANDARD = "gnu++20";
				CLANG_ENABLE_MODULES = YES;
				CLANG_ENABLE_OBJC_ARC = YES;
				CLANG_ENABLE_OBJC_WEAK = YES;
				CLANG_WARN_BLOCK_CAPTURE_AUTORELEASING = YES;
				CLANG_WARN_BOOL_CONVERSION = YES;
				CLANG_WARN_COMMA = YES;
				CLANG_WARN_CONSTANT_CONVERSION = YES;
				CLANG_WARN_DEPRECATED_OBJC_IMPLEMENTATIONS = YES;
				CLANG_WARN_DIRECT_OBJC_ISA_USAGE = YES_ERROR;
				CLANG_WARN_DOCUMENTATION_COMMENTS = YES;
				CLANG_WARN_EMPTY_BODY = YES;
				CLANG_WARN_ENUM_CONVERSION = YES;
				CLANG_WARN_INFINITE_RECURSION = YES;
				CLANG_WARN_INT_CONVERSION = YES;
				CLANG_WARN_NON_LITERAL_NULL_CONVERSION = YES;
				CLANG_WARN_OBJC_IMPLICIT_RETAIN_SELF = YES;
				CLANG_WARN_OBJC_LITERAL_CONVERSION = YES;
				CLANG_WARN_OBJC_ROOT_CLASS = YES_ERROR;
				CLANG_WARN_QUOTED_INCLUDE_IN_FRAMEWORK_HEADER = YES;
				CLANG_WARN_RANGE_LOOP_ANALYSIS = YES;
				CLANG_WARN_STRICT_PROTOTYPES = YES;
				CLANG_WARN_SUSPICIOUS_MOVE = YES;
				CLANG_WARN_UNGUARDED_AVAILABILITY = YES_AGGRESSIVE;
				CLANG_WARN_UNREACHABLE_CODE = YES;
				CLANG_WARN__DUPLICATE_METHOD_MATCH = YES;
				COPY_PHASE_STRIP = NO;
				DEBUG_INFORMATION_FORMAT = dwarf;
				ENABLE_STRICT_OBJC_MSGSEND = YES;
				ENABLE_TESTABILITY = YES;
				GCC_C_LANGUAGE_STANDARD = gnu11;
				GCC_DYNAMIC_NO_PIC = NO;
				GCC_NO_COMMON_BLOCKS = YES;
				GCC_OPTIMIZATION_LEVEL = 0;
				GCC_PREPROCESSOR_DEFINITIONS = (
					"DEBUG=1",
					"$(inherited)",
				);
				GCC_WARN_64_TO_32_BIT_CONVERSION = YES;
				GCC_WARN_ABOUT_RETURN_TYPE = YES_ERROR;
				GCC_WARN_UNDECLARED_SELECTOR = YES;
				GCC_WARN_UNINITIALIZED_AUTOS = YES_AGGRESSIVE;
				GCC_WARN_UNUSED_FUNCTION = YES;
				GCC_WARN_UNUSED_VARIABLE = YES;
				IPHONEOS_DEPLOYMENT_TARGET = 16.0;
				MTL_ENABLE_DEBUG_INFO = INCLUDE_SOURCE;
				MTL_FAST_MATH = YES;
				ONLY_ACTIVE_ARCH = YES;
				SDKROOT = iphoneos;
				SWIFT_ACTIVE_COMPILATION_CONDITIONS = DEBUG;
				SWIFT_OPTIMIZATION_LEVEL = "-Onone";
			};
			name = Debug;
		};
		52D6CA9A2A12BF5D00C8A0AC /* Release */ = {
			isa = XCBuildConfiguration;
			buildSettings = {
				ALWAYS_SEARCH_USER_PATHS = NO;
				CLANG_ANALYZER_NONNULL = YES;
				CLANG_ANALYZER_NUMBER_OBJECT_CONVERSION = YES_AGGRESSIVE;
				CLANG_CXX_LANGUAGE_STANDARD = "gnu++20";
				CLANG_ENABLE_MODULES = YES;
				CLANG_ENABLE_OBJC_ARC = YES;
				CLANG_ENABLE_OBJC_WEAK = YES;
				CLANG_WARN_BLOCK_CAPTURE_AUTORELEASING = YES;
				CLANG_WARN_BOOL_CONVERSION = YES;
				CLANG_WARN_COMMA = YES;
				CLANG_WARN_CONSTANT_CONVERSION = YES;
				CLANG_WARN_DEPRECATED_OBJC_IMPLEMENTATIONS = YES;
				CLANG_WARN_DIRECT_OBJC_ISA_USAGE = YES_ERROR;
				CLANG_WARN_DOCUMENTATION_COMMENTS = YES;
				CLANG_WARN_EMPTY_BODY = YES;
				CLANG_WARN_ENUM_CONVERSION = YES;
				CLANG_WARN_INFINITE_RECURSION = YES;
				CLANG_WARN_INT_CONVERSION = YES;
				CLANG_WARN_NON_LITERAL_NULL_CONVERSION = YES;
				CLANG_WARN_OBJC_IMPLICIT_RETAIN_SELF = YES;
				CLANG_WARN_OBJC_LITERAL_CONVERSION = YES;
				CLANG_WARN_OBJC_ROOT_CLASS = YES_ERROR;
				CLANG_WARN_QUOTED_INCLUDE_IN_FRAMEWORK_HEADER = YES;
				CLANG_WARN_RANGE_LOOP_ANALYSIS = YES;
				CLANG_WARN_STRICT_PROTOTYPES = YES;
				CLANG_WARN_SUSPICIOUS_MOVE = YES;
				CLANG_WARN_UNGUARDED_AVAILABILITY = YES_AGGRESSIVE;
				CLANG_WARN_UNREACHABLE_CODE = YES;
				CLANG_WARN__DUPLICATE_METHOD_MATCH = YES;
				COPY_PHASE_STRIP = NO;
				DEBUG_INFORMATION_FORMAT = "dwarf-with-dsym";
				ENABLE_NS_ASSERTIONS = NO;
				ENABLE_STRICT_OBJC_MSGSEND = YES;
				GCC_C_LANGUAGE_STANDARD = gnu11;
				GCC_NO_COMMON_BLOCKS = YES;
				GCC_WARN_64_TO_32_BIT_CONVERSION = YES;
				GCC_WARN_ABOUT_RETURN_TYPE = YES_ERROR;
				GCC_WARN_UNDECLARED_SELECTOR = YES;
				GCC_WARN_UNINITIALIZED_AUTOS = YES_AGGRESSIVE;
				GCC_WARN_UNUSED_FUNCTION = YES;
				GCC_WARN_UNUSED_VARIABLE = YES;
				IPHONEOS_DEPLOYMENT_TARGET = 16.0;
				MTL_ENABLE_DEBUG_INFO = NO;
				MTL_FAST_MATH = YES;
				SDKROOT = iphoneos;
				SWIFT_COMPILATION_MODE = wholemodule;
				SWIFT_OPTIMIZATION_LEVEL = "-O";
				VALIDATE_PRODUCT = YES;
			};
			name = Release;
		};
		52D6CA9C2A12BF5D00C8A0AC /* Debug */ = {
			isa = XCBuildConfiguration;
			buildSettings = {
				ASSETCATALOG_COMPILER_APPICON_NAME = AppIcon;
				ASSETCATALOG_COMPILER_GLOBAL_ACCENT_COLOR_NAME = AccentColor;
				CODE_SIGN_STYLE = Automatic;
				CURRENT_PROJECT_VERSION = 1;
				DEVELOPMENT_ASSET_PATHS = "\"BitirmeProjesi/Preview Content\"";
				DEVELOPMENT_TEAM = MPTU59K97X;
				ENABLE_PREVIEWS = YES;
				GENERATE_INFOPLIST_FILE = YES;
				INFOPLIST_FILE = BitirmeProjesi/Info.plist;
				INFOPLIST_KEY_LSApplicationCategoryType = "";
				INFOPLIST_KEY_UIApplicationSceneManifest_Generation = YES;
				INFOPLIST_KEY_UIApplicationSupportsIndirectInputEvents = YES;
				INFOPLIST_KEY_UILaunchScreen_Generation = YES;
				INFOPLIST_KEY_UISupportedInterfaceOrientations_iPad = "UIInterfaceOrientationPortrait UIInterfaceOrientationPortraitUpsideDown UIInterfaceOrientationLandscapeLeft UIInterfaceOrientationLandscapeRight";
				INFOPLIST_KEY_UISupportedInterfaceOrientations_iPhone = "UIInterfaceOrientationPortrait UIInterfaceOrientationLandscapeLeft UIInterfaceOrientationLandscapeRight";
				LD_RUNPATH_SEARCH_PATHS = (
					"$(inherited)",
					"@executable_path/Frameworks",
				);
				MARKETING_VERSION = 1.0;
				PRODUCT_BUNDLE_IDENTIFIER = EcemOzturk.BitirmeProjesi;
				PRODUCT_NAME = "$(TARGET_NAME)";
				SWIFT_EMIT_LOC_STRINGS = YES;
				SWIFT_VERSION = 5.0;
				TARGETED_DEVICE_FAMILY = "1,2";
			};
			name = Debug;
		};
		52D6CA9D2A12BF5D00C8A0AC /* Release */ = {
			isa = XCBuildConfiguration;
			buildSettings = {
				ASSETCATALOG_COMPILER_APPICON_NAME = AppIcon;
				ASSETCATALOG_COMPILER_GLOBAL_ACCENT_COLOR_NAME = AccentColor;
				CODE_SIGN_STYLE = Automatic;
				CURRENT_PROJECT_VERSION = 1;
				DEVELOPMENT_ASSET_PATHS = "\"BitirmeProjesi/Preview Content\"";
				DEVELOPMENT_TEAM = MPTU59K97X;
				ENABLE_PREVIEWS = YES;
				GENERATE_INFOPLIST_FILE = YES;
				INFOPLIST_FILE = BitirmeProjesi/Info.plist;
				INFOPLIST_KEY_LSApplicationCategoryType = "";
				INFOPLIST_KEY_UIApplicationSceneManifest_Generation = YES;
				INFOPLIST_KEY_UIApplicationSupportsIndirectInputEvents = YES;
				INFOPLIST_KEY_UILaunchScreen_Generation = YES;
				INFOPLIST_KEY_UISupportedInterfaceOrientations_iPad = "UIInterfaceOrientationPortrait UIInterfaceOrientationPortraitUpsideDown UIInterfaceOrientationLandscapeLeft UIInterfaceOrientationLandscapeRight";
				INFOPLIST_KEY_UISupportedInterfaceOrientations_iPhone = "UIInterfaceOrientationPortrait UIInterfaceOrientationLandscapeLeft UIInterfaceOrientationLandscapeRight";
				LD_RUNPATH_SEARCH_PATHS = (
					"$(inherited)",
					"@executable_path/Frameworks",
				);
				MARKETING_VERSION = 1.0;
				PRODUCT_BUNDLE_IDENTIFIER = EcemOzturk.BitirmeProjesi;
				PRODUCT_NAME = "$(TARGET_NAME)";
				SWIFT_EMIT_LOC_STRINGS = YES;
				SWIFT_VERSION = 5.0;
				TARGETED_DEVICE_FAMILY = "1,2";
			};
			name = Release;
		};
/* End XCBuildConfiguration section */

/* Begin XCConfigurationList section */
		52D6CA882A12BF5B00C8A0AC /* Build configuration list for PBXProject "BitirmeProjesi" */ = {
			isa = XCConfigurationList;
			buildConfigurations = (
				52D6CA992A12BF5D00C8A0AC /* Debug */,
				52D6CA9A2A12BF5D00C8A0AC /* Release */,
			);
			defaultConfigurationIsVisible = 0;
			defaultConfigurationName = Release;
		};
		52D6CA9B2A12BF5D00C8A0AC /* Build configuration list for PBXNativeTarget "BitirmeProjesi" */ = {
			isa = XCConfigurationList;
			buildConfigurations = (
				52D6CA9C2A12BF5D00C8A0AC /* Debug */,
				52D6CA9D2A12BF5D00C8A0AC /* Release */,
			);
			defaultConfigurationIsVisible = 0;
			defaultConfigurationName = Release;
		};
/* End XCConfigurationList section */
	};
	rootObject = 52D6CA852A12BF5B00C8A0AC /* Project object */;
}
